
Microsoft Visual Studio Solution File, Format Version 12.00
# Visual Studio Version 17
VisualStudioVersion = 17.1.32328.378
MinimumVisualStudioVersion = 10.0.40219.1
Project("{FAE04EC0-301F-11D3-BF4B-00C04F79EFBC}") = "SpectacoleWeb", "SpectacoleWeb\SpectacoleWeb.csproj", "{B790C9E0-BCEE-48BB-AA78-964FBEDFECFF}"
EndProject
Global
	GlobalSection(SolutionConfigurationPlatforms) = preSolution
		Debug|Any CPU = Debug|Any CPU
		Release|Any CPU = Release|Any CPU
	EndGlobalSection
	GlobalSection(ProjectConfigurationPlatforms) = postSolution
		{B790C9E0-BCEE-48BB-AA78-964FBEDFECFF}.Debug|Any CPU.ActiveCfg = Debug|Any CPU
		{B790C9E0-BCEE-48BB-AA78-964FBEDFECFF}.Debug|Any CPU.Build.0 = Debug|Any CPU
		{B790C9E0-BCEE-48BB-AA78-964FBEDFECFF}.Release|Any CPU.ActiveCfg = Release|Any CPU
		{B790C9E0-BCEE-48BB-AA78-964FBEDFECFF}.Release|Any CPU.Build.0 = Release|Any CPU
	EndGlobalSection
	GlobalSection(SolutionProperties) = preSolution
		HideSolutionNode = FALSE
	EndGlobalSection
	GlobalSection(ExtensibilityGlobals) = postSolution
		SolutionGuid = {CDE4803C-C4EA-42C8-94A6-CDD65D988370}
	EndGlobalSection
EndGlobal
